// !$*UTF8*$!
{
	archiveVersion = 1;
	classes = {
	};
	objectVersion = 55;
	objects = {

/* Begin PBXBuildFile section */
		74ACA15829B346E000EDC2FE /* AppDelegate.swift in Sources */ = {isa = PBXBuildFile; fileRef = 74ACA15729B346E000EDC2FE /* AppDelegate.swift */; };
		74ACA15A29B346E000EDC2FE /* SceneDelegate.swift in Sources */ = {isa = PBXBuildFile; fileRef = 74ACA15929B346E000EDC2FE /* SceneDelegate.swift */; };
		74ACA15C29B346E000EDC2FE /* ViewController.swift in Sources */ = {isa = PBXBuildFile; fileRef = 74ACA15B29B346E000EDC2FE /* ViewController.swift */; };
		74ACA15F29B346E000EDC2FE /* Main.storyboard in Resources */ = {isa = PBXBuildFile; fileRef = 74ACA15D29B346E000EDC2FE /* Main.storyboard */; };
		74ACA16129B346E400EDC2FE /* Assets.xcassets in Resources */ = {isa = PBXBuildFile; fileRef = 74ACA16029B346E400EDC2FE /* Assets.xcassets */; };
		74ACA16429B346E400EDC2FE /* LaunchScreen.storyboard in Resources */ = {isa = PBXBuildFile; fileRef = 74ACA16229B346E400EDC2FE /* LaunchScreen.storyboard */; };
		74ACA16F29B346E400EDC2FE /* UnitTestAppTests.swift in Sources */ = {isa = PBXBuildFile; fileRef = 74ACA16E29B346E400EDC2FE /* UnitTestAppTests.swift */; };
		74ACA17929B346E400EDC2FE /* UnitTestAppUITests.swift in Sources */ = {isa = PBXBuildFile; fileRef = 74ACA17829B346E400EDC2FE /* UnitTestAppUITests.swift */; };
		74ACA17B29B346E400EDC2FE /* UnitTestAppUITestsLaunchTests.swift in Sources */ = {isa = PBXBuildFile; fileRef = 74ACA17A29B346E400EDC2FE /* UnitTestAppUITestsLaunchTests.swift */; };
		74ACA18C29B4CB0600EDC2FE /* MathService.swift in Sources */ = {isa = PBXBuildFile; fileRef = 74ACA18B29B4CB0600EDC2FE /* MathService.swift */; };
/* End PBXBuildFile section */

/* Begin PBXContainerItemProxy section */
		74ACA16B29B346E400EDC2FE /* PBXContainerItemProxy */ = {
			isa = PBXContainerItemProxy;
			containerPortal = 74ACA14C29B346E000EDC2FE /* Project object */;
			proxyType = 1;
			remoteGlobalIDString = 74ACA15329B346E000EDC2FE;
			remoteInfo = UnitTestApp;
		};
		74ACA17529B346E400EDC2FE /* PBXContainerItemProxy */ = {
			isa = PBXContainerItemProxy;
			containerPortal = 74ACA14C29B346E000EDC2FE /* Project object */;
			proxyType = 1;
			remoteGlobalIDString = 74ACA15329B346E000EDC2FE;
			remoteInfo = UnitTestApp;
		};
/* End PBXContainerItemProxy section */

/* Begin PBXFileReference section */
		74ACA15429B346E000EDC2FE /* UnitTestApp.app */ = {isa = PBXFileReference; explicitFileType = wrapper.application; includeInIndex = 0; path = UnitTestApp.app; sourceTree = BUILT_PRODUCTS_DIR; };
		74ACA15729B346E000EDC2FE /* AppDelegate.swift */ = {isa = PBXFileReference; lastKnownFileType = sourcecode.swift; path = AppDelegate.swift; sourceTree = "<group>"; };
		74ACA15929B346E000EDC2FE /* SceneDelegate.swift */ = {isa = PBXFileReference; lastKnownFileType = sourcecode.swift; path = SceneDelegate.swift; sourceTree = "<group>"; };
		74ACA15B29B346E000EDC2FE /* ViewController.swift */ = {isa = PBXFileReference; lastKnownFileType = sourcecode.swift; path = ViewController.swift; sourceTree = "<group>"; };
		74ACA15E29B346E000EDC2FE /* Base */ = {isa = PBXFileReference; lastKnownFileType = file.storyboard; name = Base; path = Base.lproj/Main.storyboard; sourceTree = "<group>"; };
		74ACA16029B346E400EDC2FE /* Assets.xcassets */ = {isa = PBXFileReference; lastKnownFileType = folder.assetcatalog; path = Assets.xcassets; sourceTree = "<group>"; };
		74ACA16329B346E400EDC2FE /* Base */ = {isa = PBXFileReference; lastKnownFileType = file.storyboard; name = Base; path = Base.lproj/LaunchScreen.storyboard; sourceTree = "<group>"; };
		74ACA16529B346E400EDC2FE /* Info.plist */ = {isa = PBXFileReference; lastKnownFileType = text.plist.xml; path = Info.plist; sourceTree = "<group>"; };
		74ACA16A29B346E400EDC2FE /* UnitTestAppTests.xctest */ = {isa = PBXFileReference; explicitFileType = wrapper.cfbundle; includeInIndex = 0; path = UnitTestAppTests.xctest; sourceTree = BUILT_PRODUCTS_DIR; };
		74ACA16E29B346E400EDC2FE /* UnitTestAppTests.swift */ = {isa = PBXFileReference; lastKnownFileType = sourcecode.swift; path = UnitTestAppTests.swift; sourceTree = "<group>"; };
		74ACA17429B346E400EDC2FE /* UnitTestAppUITests.xctest */ = {isa = PBXFileReference; explicitFileType = wrapper.cfbundle; includeInIndex = 0; path = UnitTestAppUITests.xctest; sourceTree = BUILT_PRODUCTS_DIR; };
		74ACA17829B346E400EDC2FE /* UnitTestAppUITests.swift */ = {isa = PBXFileReference; lastKnownFileType = sourcecode.swift; path = UnitTestAppUITests.swift; sourceTree = "<group>"; };
		74ACA17A29B346E400EDC2FE /* UnitTestAppUITestsLaunchTests.swift */ = {isa = PBXFileReference; lastKnownFileType = sourcecode.swift; path = UnitTestAppUITestsLaunchTests.swift; sourceTree = "<group>"; };
		74ACA18B29B4CB0600EDC2FE /* MathService.swift */ = {isa = PBXFileReference; lastKnownFileType = sourcecode.swift; path = MathService.swift; sourceTree = "<group>"; };
/* End PBXFileReference section */

/* Begin PBXFrameworksBuildPhase section */
		74ACA15129B346E000EDC2FE /* Frameworks */ = {
			isa = PBXFrameworksBuildPhase;
			buildActionMask = 2147483647;
			files = (
			);
			runOnlyForDeploymentPostprocessing = 0;
		};
		74ACA16729B346E400EDC2FE /* Frameworks */ = {
			isa = PBXFrameworksBuildPhase;
			buildActionMask = 2147483647;
			files = (
			);
			runOnlyForDeploymentPostprocessing = 0;
		};
		74ACA17129B346E400EDC2FE /* Frameworks */ = {
			isa = PBXFrameworksBuildPhase;
			buildActionMask = 2147483647;
			files = (
			);
			runOnlyForDeploymentPostprocessing = 0;
		};
/* End PBXFrameworksBuildPhase section */

/* Begin PBXGroup section */
		74ACA14B29B346E000EDC2FE = {
			isa = PBXGroup;
			children = (
				74ACA15629B346E000EDC2FE /* UnitTestApp */,
				74ACA16D29B346E400EDC2FE /* UnitTestAppTests */,
				74ACA17729B346E400EDC2FE /* UnitTestAppUITests */,
				74ACA15529B346E000EDC2FE /* Products */,
			);
			sourceTree = "<group>";
		};
		74ACA15529B346E000EDC2FE /* Products */ = {
			isa = PBXGroup;
			children = (
				74ACA15429B346E000EDC2FE /* UnitTestApp.app */,
				74ACA16A29B346E400EDC2FE /* UnitTestAppTests.xctest */,
				74ACA17429B346E400EDC2FE /* UnitTestAppUITests.xctest */,
			);
			name = Products;
			sourceTree = "<group>";
		};
		74ACA15629B346E000EDC2FE /* UnitTestApp */ = {
			isa = PBXGroup;
			children = (
				74ACA18A29B4CAC100EDC2FE /* Manager */,
				74ACA18929B34D1100EDC2FE /* Controllers */,
				74ACA18829B34CD600EDC2FE /* Views */,
				74ACA16029B346E400EDC2FE /* Assets.xcassets */,
				74ACA16529B346E400EDC2FE /* Info.plist */,
				74ACA18729B34C9E00EDC2FE /* AppDelegates */,
			);
			path = UnitTestApp;
			sourceTree = "<group>";
		};
		74ACA16D29B346E400EDC2FE /* UnitTestAppTests */ = {
			isa = PBXGroup;
			children = (
				74ACA16E29B346E400EDC2FE /* UnitTestAppTests.swift */,
			);
			path = UnitTestAppTests;
			sourceTree = "<group>";
		};
		74ACA17729B346E400EDC2FE /* UnitTestAppUITests */ = {
			isa = PBXGroup;
			children = (
				74ACA17829B346E400EDC2FE /* UnitTestAppUITests.swift */,
				74ACA17A29B346E400EDC2FE /* UnitTestAppUITestsLaunchTests.swift */,
			);
			path = UnitTestAppUITests;
			sourceTree = "<group>";
		};
		74ACA18729B34C9E00EDC2FE /* AppDelegates */ = {
			isa = PBXGroup;
			children = (
				74ACA15729B346E000EDC2FE /* AppDelegate.swift */,
				74ACA15929B346E000EDC2FE /* SceneDelegate.swift */,
			);
			path = AppDelegates;
			sourceTree = "<group>";
		};
		74ACA18829B34CD600EDC2FE /* Views */ = {
			isa = PBXGroup;
			children = (
				74ACA15D29B346E000EDC2FE /* Main.storyboard */,
				74ACA16229B346E400EDC2FE /* LaunchScreen.storyboard */,
			);
			path = Views;
			sourceTree = "<group>";
		};
		74ACA18929B34D1100EDC2FE /* Controllers */ = {
			isa = PBXGroup;
			children = (
				74ACA15B29B346E000EDC2FE /* ViewController.swift */,
			);
			path = Controllers;
			sourceTree = "<group>";
		};
		74ACA18A29B4CAC100EDC2FE /* Manager */ = {
			isa = PBXGroup;
			children = (
				74ACA18B29B4CB0600EDC2FE /* MathService.swift */,
			);
			path = Manager;
			sourceTree = "<group>";
		};
/* End PBXGroup section */

/* Begin PBXNativeTarget section */
		74ACA15329B346E000EDC2FE /* UnitTestApp */ = {
			isa = PBXNativeTarget;
			buildConfigurationList = 74ACA17E29B346E400EDC2FE /* Build configuration list for PBXNativeTarget "UnitTestApp" */;
			buildPhases = (
				74ACA15029B346E000EDC2FE /* Sources */,
				74ACA15129B346E000EDC2FE /* Frameworks */,
				74ACA15229B346E000EDC2FE /* Resources */,
			);
			buildRules = (
			);
			dependencies = (
			);
			name = UnitTestApp;
			productName = UnitTestApp;
			productReference = 74ACA15429B346E000EDC2FE /* UnitTestApp.app */;
			productType = "com.apple.product-type.application";
		};
		74ACA16929B346E400EDC2FE /* UnitTestAppTests */ = {
			isa = PBXNativeTarget;
			buildConfigurationList = 74ACA18129B346E400EDC2FE /* Build configuration list for PBXNativeTarget "UnitTestAppTests" */;
			buildPhases = (
				74ACA16629B346E400EDC2FE /* Sources */,
				74ACA16729B346E400EDC2FE /* Frameworks */,
				74ACA16829B346E400EDC2FE /* Resources */,
			);
			buildRules = (
			);
			dependencies = (
				74ACA16C29B346E400EDC2FE /* PBXTargetDependency */,
			);
			name = UnitTestAppTests;
			productName = UnitTestAppTests;
			productReference = 74ACA16A29B346E400EDC2FE /* UnitTestAppTests.xctest */;
			productType = "com.apple.product-type.bundle.unit-test";
		};
		74ACA17329B346E400EDC2FE /* UnitTestAppUITests */ = {
			isa = PBXNativeTarget;
			buildConfigurationList = 74ACA18429B346E400EDC2FE /* Build configuration list for PBXNativeTarget "UnitTestAppUITests" */;
			buildPhases = (
				74ACA17029B346E400EDC2FE /* Sources */,
				74ACA17129B346E400EDC2FE /* Frameworks */,
				74ACA17229B346E400EDC2FE /* Resources */,
			);
			buildRules = (
			);
			dependencies = (
				74ACA17629B346E400EDC2FE /* PBXTargetDependency */,
			);
			name = UnitTestAppUITests;
			productName = UnitTestAppUITests;
			productReference = 74ACA17429B346E400EDC2FE /* UnitTestAppUITests.xctest */;
			productType = "com.apple.product-type.bundle.ui-testing";
		};
/* End PBXNativeTarget section */

/* Begin PBXProject section */
		74ACA14C29B346E000EDC2FE /* Project object */ = {
			isa = PBXProject;
			attributes = {
				BuildIndependentTargetsInParallel = 1;
				LastSwiftUpdateCheck = 1320;
				LastUpgradeCheck = 1320;
				TargetAttributes = {
					74ACA15329B346E000EDC2FE = {
						CreatedOnToolsVersion = 13.2.1;
					};
					74ACA16929B346E400EDC2FE = {
						CreatedOnToolsVersion = 13.2.1;
						TestTargetID = 74ACA15329B346E000EDC2FE;
					};
					74ACA17329B346E400EDC2FE = {
						CreatedOnToolsVersion = 13.2.1;
						TestTargetID = 74ACA15329B346E000EDC2FE;
					};
				};
			};
			buildConfigurationList = 74ACA14F29B346E000EDC2FE /* Build configuration list for PBXProject "UnitTestApp" */;
			compatibilityVersion = "Xcode 13.0";
			developmentRegion = en;
			hasScannedForEncodings = 0;
			knownRegions = (
				en,
				Base,
			);
			mainGroup = 74ACA14B29B346E000EDC2FE;
			productRefGroup = 74ACA15529B346E000EDC2FE /* Products */;
			projectDirPath = "";
			projectRoot = "";
			targets = (
				74ACA15329B346E000EDC2FE /* UnitTestApp */,
				74ACA16929B346E400EDC2FE /* UnitTestAppTests */,
				74ACA17329B346E400EDC2FE /* UnitTestAppUITests */,
			);
		};
/* End PBXProject section */

/* Begin PBXResourcesBuildPhase section */
		74ACA15229B346E000EDC2FE /* Resources */ = {
			isa = PBXResourcesBuildPhase;
			buildActionMask = 2147483647;
			files = (
				74ACA16429B346E400EDC2FE /* LaunchScreen.storyboard in Resources */,
				74ACA16129B346E400EDC2FE /* Assets.xcassets in Resources */,
				74ACA15F29B346E000EDC2FE /* Main.storyboard in Resources */,
			);
			runOnlyForDeploymentPostprocessing = 0;
		};
		74ACA16829B346E400EDC2FE /* Resources */ = {
			isa = PBXResourcesBuildPhase;
			buildActionMask = 2147483647;
			files = (
			);
			runOnlyForDeploymentPostprocessing = 0;
		};
		74ACA17229B346E400EDC2FE /* Resources */ = {
			isa = PBXResourcesBuildPhase;
			buildActionMask = 2147483647;
			files = (
			);
			runOnlyForDeploymentPostprocessing = 0;
		};
/* End PBXResourcesBuildPhase section */

/* Begin PBXSourcesBuildPhase section */
		74ACA15029B346E000EDC2FE /* Sources */ = {
			isa = PBXSourcesBuildPhase;
			buildActionMask = 2147483647;
			files = (
				74ACA15C29B346E000EDC2FE /* ViewController.swift in Sources */,
				74ACA15829B346E000EDC2FE /* AppDelegate.swift in Sources */,
				74ACA15A29B346E000EDC2FE /* SceneDelegate.swift in Sources */,
				74ACA18C29B4CB0600EDC2FE /* MathService.swift in Sources */,
			);
			runOnlyForDeploymentPostprocessing = 0;
		};
		74ACA16629B346E400EDC2FE /* Sources */ = {
			isa = PBXSourcesBuildPhase;
			buildActionMask = 2147483647;
			files = (
				74ACA16F29B346E400EDC2FE /* UnitTestAppTests.swift in Sources */,
			);
			runOnlyForDeploymentPostprocessing = 0;
		};
		74ACA17029B346E400EDC2FE /* Sources */ = {
			isa = PBXSourcesBuildPhase;
			buildActionMask = 2147483647;
			files = (
				74ACA17B29B346E400EDC2FE /* UnitTestAppUITestsLaunchTests.swift in Sources */,
				74ACA17929B346E400EDC2FE /* UnitTestAppUITests.swift in Sources */,
			);
			runOnlyForDeploymentPostprocessing = 0;
		};
/* End PBXSourcesBuildPhase section */

/* Begin PBXTargetDependency section */
		74ACA16C29B346E400EDC2FE /* PBXTargetDependency */ = {
			isa = PBXTargetDependency;
			target = 74ACA15329B346E000EDC2FE /* UnitTestApp */;
			targetProxy = 74ACA16B29B346E400EDC2FE /* PBXContainerItemProxy */;
		};
		74ACA17629B346E400EDC2FE /* PBXTargetDependency */ = {
			isa = PBXTargetDependency;
			target = 74ACA15329B346E000EDC2FE /* UnitTestApp */;
			targetProxy = 74ACA17529B346E400EDC2FE /* PBXContainerItemProxy */;
		};
/* End PBXTargetDependency section */

/* Begin PBXVariantGroup section */
		74ACA15D29B346E000EDC2FE /* Main.storyboard */ = {
			isa = PBXVariantGroup;
			children = (
				74ACA15E29B346E000EDC2FE /* Base */,
			);
			name = Main.storyboard;
			sourceTree = "<group>";
		};
		74ACA16229B346E400EDC2FE /* LaunchScreen.storyboard */ = {
			isa = PBXVariantGroup;
			children = (
				74ACA16329B346E400EDC2FE /* Base */,
			);
			name = LaunchScreen.storyboard;
			sourceTree = "<group>";
		};
/* End PBXVariantGroup section */

/* Begin XCBuildConfiguration section */
		74ACA17C29B346E400EDC2FE /* Debug */ = {
			isa = XCBuildConfiguration;
			buildSettings = {
				ALWAYS_SEARCH_USER_PATHS = NO;
				CLANG_ANALYZER_NONNULL = YES;
				CLANG_ANALYZER_NUMBER_OBJECT_CONVERSION = YES_AGGRESSIVE;
				CLANG_CXX_LANGUAGE_STANDARD = "gnu++17";
				CLANG_CXX_LIBRARY = "libc++";
				CLANG_ENABLE_MODULES = YES;
				CLANG_ENABLE_OBJC_ARC = YES;
				CLANG_ENABLE_OBJC_WEAK = YES;
				CLANG_WARN_BLOCK_CAPTURE_AUTORELEASING = YES;
				CLANG_WARN_BOOL_CONVERSION = YES;
				CLANG_WARN_COMMA = YES;
				CLANG_WARN_CONSTANT_CONVERSION = YES;
				CLANG_WARN_DEPRECATED_OBJC_IMPLEMENTATIONS = YES;
				CLANG_WARN_DIRECT_OBJC_ISA_USAGE = YES_ERROR;
				CLANG_WARN_DOCUMENTATION_COMMENTS = YES;
				CLANG_WARN_EMPTY_BODY = YES;
				CLANG_WARN_ENUM_CONVERSION = YES;
				CLANG_WARN_INFINITE_RECURSION = YES;
				CLANG_WARN_INT_CONVERSION = YES;
				CLANG_WARN_NON_LITERAL_NULL_CONVERSION = YES;
				CLANG_WARN_OBJC_IMPLICIT_RETAIN_SELF = YES;
				CLANG_WARN_OBJC_LITERAL_CONVERSION = YES;
				CLANG_WARN_OBJC_ROOT_CLASS = YES_ERROR;
				CLANG_WARN_QUOTED_INCLUDE_IN_FRAMEWORK_HEADER = YES;
				CLANG_WARN_RANGE_LOOP_ANALYSIS = YES;
				CLANG_WARN_STRICT_PROTOTYPES = YES;
				CLANG_WARN_SUSPICIOUS_MOVE = YES;
				CLANG_WARN_UNGUARDED_AVAILABILITY = YES_AGGRESSIVE;
				CLANG_WARN_UNREACHABLE_CODE = YES;
				CLANG_WARN__DUPLICATE_METHOD_MATCH = YES;
				COPY_PHASE_STRIP = NO;
				DEBUG_INFORMATION_FORMAT = dwarf;
				ENABLE_STRICT_OBJC_MSGSEND = YES;
				ENABLE_TESTABILITY = YES;
				GCC_C_LANGUAGE_STANDARD = gnu11;
				GCC_DYNAMIC_NO_PIC = NO;
				GCC_NO_COMMON_BLOCKS = YES;
				GCC_OPTIMIZATION_LEVEL = 0;
				GCC_PREPROCESSOR_DEFINITIONS = (
					"DEBUG=1",
					"$(inherited)",
				);
				GCC_WARN_64_TO_32_BIT_CONVERSION = YES;
				GCC_WARN_ABOUT_RETURN_TYPE = YES_ERROR;
				GCC_WARN_UNDECLARED_SELECTOR = YES;
				GCC_WARN_UNINITIALIZED_AUTOS = YES_AGGRESSIVE;
				GCC_WARN_UNUSED_FUNCTION = YES;
				GCC_WARN_UNUSED_VARIABLE = YES;
				IPHONEOS_DEPLOYMENT_TARGET = 15.2;
				MTL_ENABLE_DEBUG_INFO = INCLUDE_SOURCE;
				MTL_FAST_MATH = YES;
				ONLY_ACTIVE_ARCH = YES;
				SDKROOT = iphoneos;
				SWIFT_ACTIVE_COMPILATION_CONDITIONS = DEBUG;
				SWIFT_OPTIMIZATION_LEVEL = "-Onone";
			};
			name = Debug;
		};
		74ACA17D29B346E400EDC2FE /* Release */ = {
			isa = XCBuildConfiguration;
			buildSettings = {
				ALWAYS_SEARCH_USER_PATHS = NO;
				CLANG_ANALYZER_NONNULL = YES;
				CLANG_ANALYZER_NUMBER_OBJECT_CONVERSION = YES_AGGRESSIVE;
				CLANG_CXX_LANGUAGE_STANDARD = "gnu++17";
				CLANG_CXX_LIBRARY = "libc++";
				CLANG_ENABLE_MODULES = YES;
				CLANG_ENABLE_OBJC_ARC = YES;
				CLANG_ENABLE_OBJC_WEAK = YES;
				CLANG_WARN_BLOCK_CAPTURE_AUTORELEASING = YES;
				CLANG_WARN_BOOL_CONVERSION = YES;
				CLANG_WARN_COMMA = YES;
				CLANG_WARN_CONSTANT_CONVERSION = YES;
				CLANG_WARN_DEPRECATED_OBJC_IMPLEMENTATIONS = YES;
				CLANG_WARN_DIRECT_OBJC_ISA_USAGE = YES_ERROR;
				CLANG_WARN_DOCUMENTATION_COMMENTS = YES;
				CLANG_WARN_EMPTY_BODY = YES;
				CLANG_WARN_ENUM_CONVERSION = YES;
				CLANG_WARN_INFINITE_RECURSION = YES;
				CLANG_WARN_INT_CONVERSION = YES;
				CLANG_WARN_NON_LITERAL_NULL_CONVERSION = YES;
				CLANG_WARN_OBJC_IMPLICIT_RETAIN_SELF = YES;
				CLANG_WARN_OBJC_LITERAL_CONVERSION = YES;
				CLANG_WARN_OBJC_ROOT_CLASS = YES_ERROR;
				CLANG_WARN_QUOTED_INCLUDE_IN_FRAMEWORK_HEADER = YES;
				CLANG_WARN_RANGE_LOOP_ANALYSIS = YES;
				CLANG_WARN_STRICT_PROTOTYPES = YES;
				CLANG_WARN_SUSPICIOUS_MOVE = YES;
				CLANG_WARN_UNGUARDED_AVAILABILITY = YES_AGGRESSIVE;
				CLANG_WARN_UNREACHABLE_CODE = YES;
				CLANG_WARN__DUPLICATE_METHOD_MATCH = YES;
				COPY_PHASE_STRIP = NO;
				DEBUG_INFORMATION_FORMAT = "dwarf-with-dsym";
				ENABLE_NS_ASSERTIONS = NO;
				ENABLE_STRICT_OBJC_MSGSEND = YES;
				GCC_C_LANGUAGE_STANDARD = gnu11;
				GCC_NO_COMMON_BLOCKS = YES;
				GCC_WARN_64_TO_32_BIT_CONVERSION = YES;
				GCC_WARN_ABOUT_RETURN_TYPE = YES_ERROR;
				GCC_WARN_UNDECLARED_SELECTOR = YES;
				GCC_WARN_UNINITIALIZED_AUTOS = YES_AGGRESSIVE;
				GCC_WARN_UNUSED_FUNCTION = YES;
				GCC_WARN_UNUSED_VARIABLE = YES;
				IPHONEOS_DEPLOYMENT_TARGET = 15.2;
				MTL_ENABLE_DEBUG_INFO = NO;
				MTL_FAST_MATH = YES;
				SDKROOT = iphoneos;
				SWIFT_COMPILATION_MODE = wholemodule;
				SWIFT_OPTIMIZATION_LEVEL = "-O";
				VALIDATE_PRODUCT = YES;
			};
			name = Release;
		};
		74ACA17F29B346E400EDC2FE /* Debug */ = {
			isa = XCBuildConfiguration;
			buildSettings = {
				ASSETCATALOG_COMPILER_APPICON_NAME = AppIcon;
				ASSETCATALOG_COMPILER_GLOBAL_ACCENT_COLOR_NAME = AccentColor;
				CODE_SIGN_STYLE = Automatic;
				CURRENT_PROJECT_VERSION = 1;
				DEVELOPMENT_TEAM = LWK8GSZ2M7;
				GENERATE_INFOPLIST_FILE = YES;
				INFOPLIST_FILE = UnitTestApp/Info.plist;
				INFOPLIST_KEY_UIApplicationSupportsIndirectInputEvents = YES;
				INFOPLIST_KEY_UILaunchStoryboardName = LaunchScreen;
				INFOPLIST_KEY_UIMainStoryboardFile = Main;
				INFOPLIST_KEY_UISupportedInterfaceOrientations = UIInterfaceOrientationPortrait;
				INFOPLIST_KEY_UISupportedInterfaceOrientations_iPad = "UIInterfaceOrientationPortrait UIInterfaceOrientationPortraitUpsideDown UIInterfaceOrientationLandscapeLeft UIInterfaceOrientationLandscapeRight";
				INFOPLIST_KEY_UISupportedInterfaceOrientations_iPhone = "UIInterfaceOrientationPortrait UIInterfaceOrientationLandscapeLeft UIInterfaceOrientationLandscapeRight";
				LD_RUNPATH_SEARCH_PATHS = (
					"$(inherited)",
					"@executable_path/Frameworks",
				);
				MARKETING_VERSION = 1.0;
				PRODUCT_BUNDLE_IDENTIFIER = dankou.UnitTestApp;
				PRODUCT_NAME = "$(TARGET_NAME)";
				SWIFT_EMIT_LOC_STRINGS = YES;
				SWIFT_VERSION = 5.0;
				TARGETED_DEVICE_FAMILY = 1;
			};
			name = Debug;
		};
		74ACA18029B346E400EDC2FE /* Release */ = {
			isa = XCBuildConfiguration;
			buildSettings = {
				ASSETCATALOG_COMPILER_APPICON_NAME = AppIcon;
				ASSETCATALOG_COMPILER_GLOBAL_ACCENT_COLOR_NAME = AccentColor;
				CODE_SIGN_STYLE = Automatic;
				CURRENT_PROJECT_VERSION = 1;
				DEVELOPMENT_TEAM = LWK8GSZ2M7;
				GENERATE_INFOPLIST_FILE = YES;
				INFOPLIST_FILE = UnitTestApp/Info.plist;
				INFOPLIST_KEY_UIApplicationSupportsIndirectInputEvents = YES;
				INFOPLIST_KEY_UILaunchStoryboardName = LaunchScreen;
				INFOPLIST_KEY_UIMainStoryboardFile = Main;
				INFOPLIST_KEY_UISupportedInterfaceOrientations = UIInterfaceOrientationPortrait;
				INFOPLIST_KEY_UISupportedInterfaceOrientations_iPad = "UIInterfaceOrientationPortrait UIInterfaceOrientationPortraitUpsideDown UIInterfaceOrientationLandscapeLeft UIInterfaceOrientationLandscapeRight";
				INFOPLIST_KEY_UISupportedInterfaceOrientations_iPhone = "UIInterfaceOrientationPortrait UIInterfaceOrientationLandscapeLeft UIInterfaceOrientationLandscapeRight";
				LD_RUNPATH_SEARCH_PATHS = (
					"$(inherited)",
					"@executable_path/Frameworks",
				);
				MARKETING_VERSION = 1.0;
				PRODUCT_BUNDLE_IDENTIFIER = dankou.UnitTestApp;
				PRODUCT_NAME = "$(TARGET_NAME)";
				SWIFT_EMIT_LOC_STRINGS = YES;
				SWIFT_VERSION = 5.0;
				TARGETED_DEVICE_FAMILY = 1;
			};
			name = Release;
		};
		74ACA18229B346E400EDC2FE /* Debug */ = {
			isa = XCBuildConfiguration;
			buildSettings = {
				ALWAYS_EMBED_SWIFT_STANDARD_LIBRARIES = YES;
				BUNDLE_LOADER = "$(TEST_HOST)";
				CODE_SIGN_STYLE = Automatic;
				CURRENT_PROJECT_VERSION = 1;
				DEVELOPMENT_TEAM = LWK8GSZ2M7;
				GENERATE_INFOPLIST_FILE = YES;
				IPHONEOS_DEPLOYMENT_TARGET = 15.2;
				MARKETING_VERSION = 1.0;
				PRODUCT_BUNDLE_IDENTIFIER = dankou.UnitTestAppTests;
				PRODUCT_NAME = "$(TARGET_NAME)";
				SWIFT_EMIT_LOC_STRINGS = NO;
				SWIFT_VERSION = 5.0;
				TARGETED_DEVICE_FAMILY = "1,2";
				TEST_HOST = "$(BUILT_PRODUCTS_DIR)/UnitTestApp.app/UnitTestApp";
			};
			name = Debug;
		};
		74ACA18329B346E400EDC2FE /* Release */ = {
			isa = XCBuildConfiguration;
			buildSettings = {
				ALWAYS_EMBED_SWIFT_STANDARD_LIBRARIES = YES;
				BUNDLE_LOADER = "$(TEST_HOST)";
				CODE_SIGN_STYLE = Automatic;
				CURRENT_PROJECT_VERSION = 1;
				DEVELOPMENT_TEAM = LWK8GSZ2M7;
				GENERATE_INFOPLIST_FILE = YES;
				IPHONEOS_DEPLOYMENT_TARGET = 15.2;
				MARKETING_VERSION = 1.0;
				PRODUCT_BUNDLE_IDENTIFIER = dankou.UnitTestAppTests;
				PRODUCT_NAME = "$(TARGET_NAME)";
				SWIFT_EMIT_LOC_STRINGS = NO;
				SWIFT_VERSION = 5.0;
				TARGETED_DEVICE_FAMILY = "1,2";
				TEST_HOST = "$(BUILT_PRODUCTS_DIR)/UnitTestApp.app/UnitTestApp";
			};
			name = Release;
		};
		74ACA18529B346E400EDC2FE /* Debug */ = {
			isa = XCBuildConfiguration;
			buildSettings = {
				ALWAYS_EMBED_SWIFT_STANDARD_LIBRARIES = YES;
				CODE_SIGN_STYLE = Automatic;
				CURRENT_PROJECT_VERSION = 1;
				DEVELOPMENT_TEAM = LWK8GSZ2M7;
				GENERATE_INFOPLIST_FILE = YES;
				MARKETING_VERSION = 1.0;
				PRODUCT_BUNDLE_IDENTIFIER = dankou.UnitTestAppUITests;
				PRODUCT_NAME = "$(TARGET_NAME)";
				SWIFT_EMIT_LOC_STRINGS = NO;
				SWIFT_VERSION = 5.0;
				TARGETED_DEVICE_FAMILY = "1,2";
				TEST_TARGET_NAME = UnitTestApp;
			};
			name = Debug;
		};
		74ACA18629B346E400EDC2FE /* Release */ = {
			isa = XCBuildConfiguration;
			buildSettings = {
				ALWAYS_EMBED_SWIFT_STANDARD_LIBRARIES = YES;
				CODE_SIGN_STYLE = Automatic;
				CURRENT_PROJECT_VERSION = 1;
				DEVELOPMENT_TEAM = LWK8GSZ2M7;
				GENERATE_INFOPLIST_FILE = YES;
				MARKETING_VERSION = 1.0;
				PRODUCT_BUNDLE_IDENTIFIER = dankou.UnitTestAppUITests;
				PRODUCT_NAME = "$(TARGET_NAME)";
				SWIFT_EMIT_LOC_STRINGS = NO;
				SWIFT_VERSION = 5.0;
				TARGETED_DEVICE_FAMILY = "1,2";
				TEST_TARGET_NAME = UnitTestApp;
			};
			name = Release;
		};
/* End XCBuildConfiguration section */

/* Begin XCConfigurationList section */
		74ACA14F29B346E000EDC2FE /* Build configuration list for PBXProject "UnitTestApp" */ = {
			isa = XCConfigurationList;
			buildConfigurations = (
				74ACA17C29B346E400EDC2FE /* Debug */,
				74ACA17D29B346E400EDC2FE /* Release */,
			);
			defaultConfigurationIsVisible = 0;
			defaultConfigurationName = Release;
		};
		74ACA17E29B346E400EDC2FE /* Build configuration list for PBXNativeTarget "UnitTestApp" */ = {
			isa = XCConfigurationList;
			buildConfigurations = (
				74ACA17F29B346E400EDC2FE /* Debug */,
				74ACA18029B346E400EDC2FE /* Release */,
			);
			defaultConfigurationIsVisible = 0;
			defaultConfigurationName = Release;
		};
		74ACA18129B346E400EDC2FE /* Build configuration list for PBXNativeTarget "UnitTestAppTests" */ = {
			isa = XCConfigurationList;
			buildConfigurations = (
				74ACA18229B346E400EDC2FE /* Debug */,
				74ACA18329B346E400EDC2FE /* Release */,
			);
			defaultConfigurationIsVisible = 0;
			defaultConfigurationName = Release;
		};
		74ACA18429B346E400EDC2FE /* Build configuration list for PBXNativeTarget "UnitTestAppUITests" */ = {
			isa = XCConfigurationList;
			buildConfigurations = (
				74ACA18529B346E400EDC2FE /* Debug */,
				74ACA18629B346E400EDC2FE /* Release */,
			);
			defaultConfigurationIsVisible = 0;
			defaultConfigurationName = Release;
		};
/* End XCConfigurationList section */
	};
	rootObject = 74ACA14C29B346E000EDC2FE /* Project object */;
}
